
Microsoft Visual Studio Solution File, Format Version 12.00
# Visual Studio Version 17
VisualStudioVersion = 17.9.34701.34
MinimumVisualStudioVersion = 10.0.40219.1
Project("{FAE04EC0-301F-11D3-BF4B-00C04F79EFBC}") = "backend", "backend\backend.csproj", "{DFF78FEF-52C7-4216-B79C-CFFF9CA0535D}"
EndProject
Global
	GlobalSection(SolutionConfigurationPlatforms) = preSolution
		Debug|Any CPU = Debug|Any CPU
		Release|Any CPU = Release|Any CPU
	EndGlobalSection
	GlobalSection(ProjectConfigurationPlatforms) = postSolution
		{DFF78FEF-52C7-4216-B79C-CFFF9CA0535D}.Debug|Any CPU.ActiveCfg = Debug|Any CPU
		{DFF78FEF-52C7-4216-B79C-CFFF9CA0535D}.Debug|Any CPU.Build.0 = Debug|Any CPU
		{DFF78FEF-52C7-4216-B79C-CFFF9CA0535D}.Release|Any CPU.ActiveCfg = Release|Any CPU
		{DFF78FEF-52C7-4216-B79C-CFFF9CA0535D}.Release|Any CPU.Build.0 = Release|Any CPU
	EndGlobalSection
	GlobalSection(SolutionProperties) = preSolution
		HideSolutionNode = FALSE
	EndGlobalSection
	GlobalSection(ExtensibilityGlobals) = postSolution
		SolutionGuid = {ABA029E4-D385-4B00-9782-A5E60E9FA5D4}
	EndGlobalSection
EndGlobal
